
Microsoft Visual Studio Solution File, Format Version 12.00
# Visual Studio Version 17
VisualStudioVersion = 17.5.33424.131
MinimumVisualStudioVersion = 10.0.40219.1
Project("{FAE04EC0-301F-11D3-BF4B-00C04F79EFBC}") = "DockerTest", "DockerTest.csproj", "{7B52F6D0-8B23-44BE-9DF2-AE8D1A9BA9C9}"
EndProject
Global
	GlobalSection(SolutionConfigurationPlatforms) = preSolution
		Debug|Any CPU = Debug|Any CPU
		Release|Any CPU = Release|Any CPU
	EndGlobalSection
	GlobalSection(ProjectConfigurationPlatforms) = postSolution
		{7B52F6D0-8B23-44BE-9DF2-AE8D1A9BA9C9}.Debug|Any CPU.ActiveCfg = Debug|Any CPU
		{7B52F6D0-8B23-44BE-9DF2-AE8D1A9BA9C9}.Debug|Any CPU.Build.0 = Debug|Any CPU
		{7B52F6D0-8B23-44BE-9DF2-AE8D1A9BA9C9}.Release|Any CPU.ActiveCfg = Release|Any CPU
		{7B52F6D0-8B23-44BE-9DF2-AE8D1A9BA9C9}.Release|Any CPU.Build.0 = Release|Any CPU
	EndGlobalSection
	GlobalSection(SolutionProperties) = preSolution
		HideSolutionNode = FALSE
	EndGlobalSection
	GlobalSection(ExtensibilityGlobals) = postSolution
		SolutionGuid = {7036284B-1F0A-4482-B451-00D40FC89E09}
	EndGlobalSection
EndGlobal
